
Microsoft Visual Studio Solution File, Format Version 12.00
# Visual Studio Version 17
VisualStudioVersion = 17.4.33403.182
MinimumVisualStudioVersion = 10.0.40219.1
Project("{FAE04EC0-301F-11D3-BF4B-00C04F79EFBC}") = "PhotoConsoleApp", "PhotoConsoleApp\PhotoConsoleApp.csproj", "{C8A33361-49E9-44B3-A98B-9D77098F7492}"
EndProject
Project("{FAE04EC0-301F-11D3-BF4B-00C04F79EFBC}") = "PhotoConsoleLibrary", "PhotoConsoleLibrary\PhotoConsoleLibrary.csproj", "{3C459D19-76DF-487D-9E3E-210A19F4AE7E}"
EndProject
Global
	GlobalSection(SolutionConfigurationPlatforms) = preSolution
		Debug|Any CPU = Debug|Any CPU
		Release|Any CPU = Release|Any CPU
	EndGlobalSection
	GlobalSection(ProjectConfigurationPlatforms) = postSolution
		{C8A33361-49E9-44B3-A98B-9D77098F7492}.Debug|Any CPU.ActiveCfg = Debug|Any CPU
		{C8A33361-49E9-44B3-A98B-9D77098F7492}.Debug|Any CPU.Build.0 = Debug|Any CPU
		{C8A33361-49E9-44B3-A98B-9D77098F7492}.Release|Any CPU.ActiveCfg = Release|Any CPU
		{C8A33361-49E9-44B3-A98B-9D77098F7492}.Release|Any CPU.Build.0 = Release|Any CPU
		{3C459D19-76DF-487D-9E3E-210A19F4AE7E}.Debug|Any CPU.ActiveCfg = Debug|Any CPU
		{3C459D19-76DF-487D-9E3E-210A19F4AE7E}.Debug|Any CPU.Build.0 = Debug|Any CPU
		{3C459D19-76DF-487D-9E3E-210A19F4AE7E}.Release|Any CPU.ActiveCfg = Release|Any CPU
		{3C459D19-76DF-487D-9E3E-210A19F4AE7E}.Release|Any CPU.Build.0 = Release|Any CPU
	EndGlobalSection
	GlobalSection(SolutionProperties) = preSolution
		HideSolutionNode = FALSE
	EndGlobalSection
	GlobalSection(ExtensibilityGlobals) = postSolution
		SolutionGuid = {0E3EBD64-566E-4118-8AB8-C010C487167E}
	EndGlobalSection
EndGlobal
